
Microsoft Visual Studio Solution File, Format Version 12.00
# Visual Studio 15
VisualStudioVersion = 15.0.27130.2036
MinimumVisualStudioVersion = 10.0.40219.1
Project("{FAE04EC0-301F-11D3-BF4B-00C04F79EFBC}") = "task1", "task1\task1.csproj", "{2924C126-2D85-4A4E-8E36-98F2181F2B61}"
EndProject
Global
	GlobalSection(SolutionConfigurationPlatforms) = preSolution
		Debug|Any CPU = Debug|Any CPU
		Release|Any CPU = Release|Any CPU
	EndGlobalSection
	GlobalSection(ProjectConfigurationPlatforms) = postSolution
		{2924C126-2D85-4A4E-8E36-98F2181F2B61}.Debug|Any CPU.ActiveCfg = Debug|Any CPU
		{2924C126-2D85-4A4E-8E36-98F2181F2B61}.Debug|Any CPU.Build.0 = Debug|Any CPU
		{2924C126-2D85-4A4E-8E36-98F2181F2B61}.Release|Any CPU.ActiveCfg = Release|Any CPU
		{2924C126-2D85-4A4E-8E36-98F2181F2B61}.Release|Any CPU.Build.0 = Release|Any CPU
	EndGlobalSection
	GlobalSection(SolutionProperties) = preSolution
		HideSolutionNode = FALSE
	EndGlobalSection
	GlobalSection(ExtensibilityGlobals) = postSolution
		SolutionGuid = {3BC8E95F-1D4E-43D5-9354-8E767838C300}
	EndGlobalSection
EndGlobal
